// !$*UTF8*$!
{
	archiveVersion = 1;
	classes = {
	};
	objectVersion = 48;
	objects = {

/* Begin PBXBuildFile section */
		01A0EB3B207FE17600ED4E48 /* AppDelegate.swift in Sources */ = {isa = PBXBuildFile; fileRef = 01A0EB3A207FE17600ED4E48 /* AppDelegate.swift */; };
		01A0EB3D207FE17600ED4E48 /* ViewController.swift in Sources */ = {isa = PBXBuildFile; fileRef = 01A0EB3C207FE17600ED4E48 /* ViewController.swift */; };
		01A0EB40207FE17600ED4E48 /* Main.storyboard in Resources */ = {isa = PBXBuildFile; fileRef = 01A0EB3E207FE17600ED4E48 /* Main.storyboard */; };
		01A0EB43207FE17600ED4E48 /* iOSVideoGameLibrary.xcdatamodeld in Sources */ = {isa = PBXBuildFile; fileRef = 01A0EB41207FE17600ED4E48 /* iOSVideoGameLibrary.xcdatamodeld */; };
		01A0EB45207FE17600ED4E48 /* Assets.xcassets in Resources */ = {isa = PBXBuildFile; fileRef = 01A0EB44207FE17600ED4E48 /* Assets.xcassets */; };
		01A0EB48207FE17600ED4E48 /* LaunchScreen.storyboard in Resources */ = {isa = PBXBuildFile; fileRef = 01A0EB46207FE17600ED4E48 /* LaunchScreen.storyboard */; };
		E8C34A7000FF9934DBCAAC0B /* Pods_iOSVideoGameLibrary.framework in Frameworks */ = {isa = PBXBuildFile; fileRef = FC2CCB7DBC53B2EF24807605 /* Pods_iOSVideoGameLibrary.framework */; };
/* End PBXBuildFile section */

/* Begin PBXFileReference section */
		01A0EB37207FE17600ED4E48 /* iOSVideoGameLibrary.app */ = {isa = PBXFileReference; explicitFileType = wrapper.application; includeInIndex = 0; path = iOSVideoGameLibrary.app; sourceTree = BUILT_PRODUCTS_DIR; };
		01A0EB3A207FE17600ED4E48 /* AppDelegate.swift */ = {isa = PBXFileReference; lastKnownFileType = sourcecode.swift; path = AppDelegate.swift; sourceTree = "<group>"; };
		01A0EB3C207FE17600ED4E48 /* ViewController.swift */ = {isa = PBXFileReference; lastKnownFileType = sourcecode.swift; path = ViewController.swift; sourceTree = "<group>"; };
		01A0EB3F207FE17600ED4E48 /* Base */ = {isa = PBXFileReference; lastKnownFileType = file.storyboard; name = Base; path = Base.lproj/Main.storyboard; sourceTree = "<group>"; };
		01A0EB42207FE17600ED4E48 /* iOSVideoGameLibrary.xcdatamodel */ = {isa = PBXFileReference; lastKnownFileType = wrapper.xcdatamodel; path = iOSVideoGameLibrary.xcdatamodel; sourceTree = "<group>"; };
		01A0EB44207FE17600ED4E48 /* Assets.xcassets */ = {isa = PBXFileReference; lastKnownFileType = folder.assetcatalog; path = Assets.xcassets; sourceTree = "<group>"; };
		01A0EB47207FE17600ED4E48 /* Base */ = {isa = PBXFileReference; lastKnownFileType = file.storyboard; name = Base; path = Base.lproj/LaunchScreen.storyboard; sourceTree = "<group>"; };
		01A0EB49207FE17600ED4E48 /* Info.plist */ = {isa = PBXFileReference; lastKnownFileType = text.plist.xml; path = Info.plist; sourceTree = "<group>"; };
		5CE5BBDA48A114FBEC258A80 /* Pods-iOSVideoGameLibrary.debug.xcconfig */ = {isa = PBXFileReference; includeInIndex = 1; lastKnownFileType = text.xcconfig; name = "Pods-iOSVideoGameLibrary.debug.xcconfig"; path = "Pods/Target Support Files/Pods-iOSVideoGameLibrary/Pods-iOSVideoGameLibrary.debug.xcconfig"; sourceTree = "<group>"; };
		C1D0604F3A014A2469446024 /* Pods-iOSVideoGameLibrary.release.xcconfig */ = {isa = PBXFileReference; includeInIndex = 1; lastKnownFileType = text.xcconfig; name = "Pods-iOSVideoGameLibrary.release.xcconfig"; path = "Pods/Target Support Files/Pods-iOSVideoGameLibrary/Pods-iOSVideoGameLibrary.release.xcconfig"; sourceTree = "<group>"; };
		FC2CCB7DBC53B2EF24807605 /* Pods_iOSVideoGameLibrary.framework */ = {isa = PBXFileReference; explicitFileType = wrapper.framework; includeInIndex = 0; path = Pods_iOSVideoGameLibrary.framework; sourceTree = BUILT_PRODUCTS_DIR; };
/* End PBXFileReference section */

/* Begin PBXFrameworksBuildPhase section */
		01A0EB34207FE17600ED4E48 /* Frameworks */ = {
			isa = PBXFrameworksBuildPhase;
			buildActionMask = 2147483647;
			files = (
				E8C34A7000FF9934DBCAAC0B /* Pods_iOSVideoGameLibrary.framework in Frameworks */,
			);
			runOnlyForDeploymentPostprocessing = 0;
		};
/* End PBXFrameworksBuildPhase section */

/* Begin PBXGroup section */
		01A0EB2E207FE17600ED4E48 = {
			isa = PBXGroup;
			children = (
				01A0EB39207FE17600ED4E48 /* iOSVideoGameLibrary */,
				01A0EB38207FE17600ED4E48 /* Products */,
				128336750BD2C6F5BF5D6222 /* Pods */,
				24E512F35BEC703D0FCFB7B3 /* Frameworks */,
			);
			sourceTree = "<group>";
		};
		01A0EB38207FE17600ED4E48 /* Products */ = {
			isa = PBXGroup;
			children = (
				01A0EB37207FE17600ED4E48 /* iOSVideoGameLibrary.app */,
			);
			name = Products;
			sourceTree = "<group>";
		};
		01A0EB39207FE17600ED4E48 /* iOSVideoGameLibrary */ = {
			isa = PBXGroup;
			children = (
				01A0EB3A207FE17600ED4E48 /* AppDelegate.swift */,
				01A0EB3C207FE17600ED4E48 /* ViewController.swift */,
				01A0EB3E207FE17600ED4E48 /* Main.storyboard */,
				01A0EB44207FE17600ED4E48 /* Assets.xcassets */,
				01A0EB46207FE17600ED4E48 /* LaunchScreen.storyboard */,
				01A0EB49207FE17600ED4E48 /* Info.plist */,
				01A0EB41207FE17600ED4E48 /* iOSVideoGameLibrary.xcdatamodeld */,
			);
			path = iOSVideoGameLibrary;
			sourceTree = "<group>";
		};
		128336750BD2C6F5BF5D6222 /* Pods */ = {
			isa = PBXGroup;
			children = (
				5CE5BBDA48A114FBEC258A80 /* Pods-iOSVideoGameLibrary.debug.xcconfig */,
				C1D0604F3A014A2469446024 /* Pods-iOSVideoGameLibrary.release.xcconfig */,
			);
			name = Pods;
			sourceTree = "<group>";
		};
		24E512F35BEC703D0FCFB7B3 /* Frameworks */ = {
			isa = PBXGroup;
			children = (
				FC2CCB7DBC53B2EF24807605 /* Pods_iOSVideoGameLibrary.framework */,
			);
			name = Frameworks;
			sourceTree = "<group>";
		};
/* End PBXGroup section */

/* Begin PBXNativeTarget section */
		01A0EB36207FE17600ED4E48 /* iOSVideoGameLibrary */ = {
			isa = PBXNativeTarget;
			buildConfigurationList = 01A0EB4C207FE17600ED4E48 /* Build configuration list for PBXNativeTarget "iOSVideoGameLibrary" */;
			buildPhases = (
				04F9592E039AD5F120516D82 /* [CP] Check Pods Manifest.lock */,
				01A0EB33207FE17600ED4E48 /* Sources */,
				01A0EB34207FE17600ED4E48 /* Frameworks */,
				01A0EB35207FE17600ED4E48 /* Resources */,
				EC315AF3013896A94CE5EF1E /* [CP] Embed Pods Frameworks */,
				32E93AAFF5F7B249BEA9C825 /* [CP] Copy Pods Resources */,
			);
			buildRules = (
			);
			dependencies = (
			);
			name = iOSVideoGameLibrary;
			productName = iOSVideoGameLibrary;
			productReference = 01A0EB37207FE17600ED4E48 /* iOSVideoGameLibrary.app */;
			productType = "com.apple.product-type.application";
		};
/* End PBXNativeTarget section */

/* Begin PBXProject section */
		01A0EB2F207FE17600ED4E48 /* Project object */ = {
			isa = PBXProject;
			attributes = {
				LastSwiftUpdateCheck = 0920;
				LastUpgradeCheck = 0920;
				ORGANIZATIONNAME = "Shontara Hatton";
				TargetAttributes = {
					01A0EB36207FE17600ED4E48 = {
						CreatedOnToolsVersion = 9.2;
						ProvisioningStyle = Automatic;
					};
				};
			};
			buildConfigurationList = 01A0EB32207FE17600ED4E48 /* Build configuration list for PBXProject "iOSVideoGameLibrary" */;
			compatibilityVersion = "Xcode 8.0";
			developmentRegion = en;
			hasScannedForEncodings = 0;
			knownRegions = (
				en,
				Base,
			);
			mainGroup = 01A0EB2E207FE17600ED4E48;
			productRefGroup = 01A0EB38207FE17600ED4E48 /* Products */;
			projectDirPath = "";
			projectRoot = "";
			targets = (
				01A0EB36207FE17600ED4E48 /* iOSVideoGameLibrary */,
			);
		};
/* End PBXProject section */

/* Begin PBXResourcesBuildPhase section */
		01A0EB35207FE17600ED4E48 /* Resources */ = {
			isa = PBXResourcesBuildPhase;
			buildActionMask = 2147483647;
			files = (
				01A0EB48207FE17600ED4E48 /* LaunchScreen.storyboard in Resources */,
				01A0EB45207FE17600ED4E48 /* Assets.xcassets in Resources */,
				01A0EB40207FE17600ED4E48 /* Main.storyboard in Resources */,
			);
			runOnlyForDeploymentPostprocessing = 0;
		};
/* End PBXResourcesBuildPhase section */

/* Begin PBXShellScriptBuildPhase section */
		04F9592E039AD5F120516D82 /* [CP] Check Pods Manifest.lock */ = {
			isa = PBXShellScriptBuildPhase;
			buildActionMask = 2147483647;
			files = (
			);
			inputPaths = (
				"${PODS_PODFILE_DIR_PATH}/Podfile.lock",
				"${PODS_ROOT}/Manifest.lock",
			);
			name = "[CP] Check Pods Manifest.lock";
			outputPaths = (
				"$(DERIVED_FILE_DIR)/Pods-iOSVideoGameLibrary-checkManifestLockResult.txt",
			);
			runOnlyForDeploymentPostprocessing = 0;
			shellPath = /bin/sh;
			shellScript = "diff \"${PODS_PODFILE_DIR_PATH}/Podfile.lock\" \"${PODS_ROOT}/Manifest.lock\" > /dev/null\nif [ $? != 0 ] ; then\n    # print error to STDERR\n    echo \"error: The sandbox is not in sync with the Podfile.lock. Run 'pod install' or update your CocoaPods installation.\" >&2\n    exit 1\nfi\n# This output is used by Xcode 'outputs' to avoid re-running this script phase.\necho \"SUCCESS\" > \"${SCRIPT_OUTPUT_FILE_0}\"\n";
			showEnvVarsInLog = 0;
		};
		32E93AAFF5F7B249BEA9C825 /* [CP] Copy Pods Resources */ = {
			isa = PBXShellScriptBuildPhase;
			buildActionMask = 2147483647;
			files = (
			);
			inputPaths = (
			);
			name = "[CP] Copy Pods Resources";
			outputPaths = (
			);
			runOnlyForDeploymentPostprocessing = 0;
			shellPath = /bin/sh;
			shellScript = "\"${SRCROOT}/Pods/Target Support Files/Pods-iOSVideoGameLibrary/Pods-iOSVideoGameLibrary-resources.sh\"\n";
			showEnvVarsInLog = 0;
		};
		EC315AF3013896A94CE5EF1E /* [CP] Embed Pods Frameworks */ = {
			isa = PBXShellScriptBuildPhase;
			buildActionMask = 2147483647;
			files = (
			);
			inputPaths = (
				"${SRCROOT}/Pods/Target Support Files/Pods-iOSVideoGameLibrary/Pods-iOSVideoGameLibrary-frameworks.sh",
				"${BUILT_PRODUCTS_DIR}/Realm/Realm.framework",
				"${BUILT_PRODUCTS_DIR}/RealmSwift/RealmSwift.framework",
			);
			name = "[CP] Embed Pods Frameworks";
			outputPaths = (
				"${TARGET_BUILD_DIR}/${FRAMEWORKS_FOLDER_PATH}/Realm.framework",
				"${TARGET_BUILD_DIR}/${FRAMEWORKS_FOLDER_PATH}/RealmSwift.framework",
			);
			runOnlyForDeploymentPostprocessing = 0;
			shellPath = /bin/sh;
			shellScript = "\"${SRCROOT}/Pods/Target Support Files/Pods-iOSVideoGameLibrary/Pods-iOSVideoGameLibrary-frameworks.sh\"\n";
			showEnvVarsInLog = 0;
		};
/* End PBXShellScriptBuildPhase section */

/* Begin PBXSourcesBuildPhase section */
		01A0EB33207FE17600ED4E48 /* Sources */ = {
			isa = PBXSourcesBuildPhase;
			buildActionMask = 2147483647;
			files = (
				01A0EB3D207FE17600ED4E48 /* ViewController.swift in Sources */,
				01A0EB43207FE17600ED4E48 /* iOSVideoGameLibrary.xcdatamodeld in Sources */,
				01A0EB3B207FE17600ED4E48 /* AppDelegate.swift in Sources */,
			);
			runOnlyForDeploymentPostprocessing = 0;
		};
/* End PBXSourcesBuildPhase section */

/* Begin PBXVariantGroup section */
		01A0EB3E207FE17600ED4E48 /* Main.storyboard */ = {
			isa = PBXVariantGroup;
			children = (
				01A0EB3F207FE17600ED4E48 /* Base */,
			);
			name = Main.storyboard;
			sourceTree = "<group>";
		};
		01A0EB46207FE17600ED4E48 /* LaunchScreen.storyboard */ = {
			isa = PBXVariantGroup;
			children = (
				01A0EB47207FE17600ED4E48 /* Base */,
			);
			name = LaunchScreen.storyboard;
			sourceTree = "<group>";
		};
/* End PBXVariantGroup section */

/* Begin XCBuildConfiguration section */
		01A0EB4A207FE17600ED4E48 /* Debug */ = {
			isa = XCBuildConfiguration;
			buildSettings = {
				ALWAYS_SEARCH_USER_PATHS = NO;
				CLANG_ANALYZER_NONNULL = YES;
				CLANG_ANALYZER_NUMBER_OBJECT_CONVERSION = YES_AGGRESSIVE;
				CLANG_CXX_LANGUAGE_STANDARD = "gnu++14";
				CLANG_CXX_LIBRARY = "libc++";
				CLANG_ENABLE_MODULES = YES;
				CLANG_ENABLE_OBJC_ARC = YES;
				CLANG_WARN_BLOCK_CAPTURE_AUTORELEASING = YES;
				CLANG_WARN_BOOL_CONVERSION = YES;
				CLANG_WARN_COMMA = YES;
				CLANG_WARN_CONSTANT_CONVERSION = YES;
				CLANG_WARN_DIRECT_OBJC_ISA_USAGE = YES_ERROR;
				CLANG_WARN_DOCUMENTATION_COMMENTS = YES;
				CLANG_WARN_EMPTY_BODY = YES;
				CLANG_WARN_ENUM_CONVERSION = YES;
				CLANG_WARN_INFINITE_RECURSION = YES;
				CLANG_WARN_INT_CONVERSION = YES;
				CLANG_WARN_NON_LITERAL_NULL_CONVERSION = YES;
				CLANG_WARN_OBJC_LITERAL_CONVERSION = YES;
				CLANG_WARN_OBJC_ROOT_CLASS = YES_ERROR;
				CLANG_WARN_RANGE_LOOP_ANALYSIS = YES;
				CLANG_WARN_STRICT_PROTOTYPES = YES;
				CLANG_WARN_SUSPICIOUS_MOVE = YES;
				CLANG_WARN_UNGUARDED_AVAILABILITY = YES_AGGRESSIVE;
				CLANG_WARN_UNREACHABLE_CODE = YES;
				CLANG_WARN__DUPLICATE_METHOD_MATCH = YES;
				CODE_SIGN_IDENTITY = "iPhone Developer";
				COPY_PHASE_STRIP = NO;
				DEBUG_INFORMATION_FORMAT = dwarf;
				ENABLE_STRICT_OBJC_MSGSEND = YES;
				ENABLE_TESTABILITY = YES;
				GCC_C_LANGUAGE_STANDARD = gnu11;
				GCC_DYNAMIC_NO_PIC = NO;
				GCC_NO_COMMON_BLOCKS = YES;
				GCC_OPTIMIZATION_LEVEL = 0;
				GCC_PREPROCESSOR_DEFINITIONS = (
					"DEBUG=1",
					"$(inherited)",
				);
				GCC_WARN_64_TO_32_BIT_CONVERSION = YES;
				GCC_WARN_ABOUT_RETURN_TYPE = YES_ERROR;
				GCC_WARN_UNDECLARED_SELECTOR = YES;
				GCC_WARN_UNINITIALIZED_AUTOS = YES_AGGRESSIVE;
				GCC_WARN_UNUSED_FUNCTION = YES;
				GCC_WARN_UNUSED_VARIABLE = YES;
				IPHONEOS_DEPLOYMENT_TARGET = 11.2;
				MTL_ENABLE_DEBUG_INFO = YES;
				ONLY_ACTIVE_ARCH = YES;
				SDKROOT = iphoneos;
				SWIFT_ACTIVE_COMPILATION_CONDITIONS = DEBUG;
				SWIFT_OPTIMIZATION_LEVEL = "-Onone";
			};
			name = Debug;
		};
		01A0EB4B207FE17600ED4E48 /* Release */ = {
			isa = XCBuildConfiguration;
			buildSettings = {
				ALWAYS_SEARCH_USER_PATHS = NO;
				CLANG_ANALYZER_NONNULL = YES;
				CLANG_ANALYZER_NUMBER_OBJECT_CONVERSION = YES_AGGRESSIVE;
				CLANG_CXX_LANGUAGE_STANDARD = "gnu++14";
				CLANG_CXX_LIBRARY = "libc++";
				CLANG_ENABLE_MODULES = YES;
				CLANG_ENABLE_OBJC_ARC = YES;
				CLANG_WARN_BLOCK_CAPTURE_AUTORELEASING = YES;
				CLANG_WARN_BOOL_CONVERSION = YES;
				CLANG_WARN_COMMA = YES;
				CLANG_WARN_CONSTANT_CONVERSION = YES;
				CLANG_WARN_DIRECT_OBJC_ISA_USAGE = YES_ERROR;
				CLANG_WARN_DOCUMENTATION_COMMENTS = YES;
				CLANG_WARN_EMPTY_BODY = YES;
				CLANG_WARN_ENUM_CONVERSION = YES;
				CLANG_WARN_INFINITE_RECURSION = YES;
				CLANG_WARN_INT_CONVERSION = YES;
				CLANG_WARN_NON_LITERAL_NULL_CONVERSION = YES;
				CLANG_WARN_OBJC_LITERAL_CONVERSION = YES;
				CLANG_WARN_OBJC_ROOT_CLASS = YES_ERROR;
				CLANG_WARN_RANGE_LOOP_ANALYSIS = YES;
				CLANG_WARN_STRICT_PROTOTYPES = YES;
				CLANG_WARN_SUSPICIOUS_MOVE = YES;
				CLANG_WARN_UNGUARDED_AVAILABILITY = YES_AGGRESSIVE;
				CLANG_WARN_UNREACHABLE_CODE = YES;
				CLANG_WARN__DUPLICATE_METHOD_MATCH = YES;
				CODE_SIGN_IDENTITY = "iPhone Developer";
				COPY_PHASE_STRIP = NO;
				DEBUG_INFORMATION_FORMAT = "dwarf-with-dsym";
				ENABLE_NS_ASSERTIONS = NO;
				ENABLE_STRICT_OBJC_MSGSEND = YES;
				GCC_C_LANGUAGE_STANDARD = gnu11;
				GCC_NO_COMMON_BLOCKS = YES;
				GCC_WARN_64_TO_32_BIT_CONVERSION = YES;
				GCC_WARN_ABOUT_RETURN_TYPE = YES_ERROR;
				GCC_WARN_UNDECLARED_SELECTOR = YES;
				GCC_WARN_UNINITIALIZED_AUTOS = YES_AGGRESSIVE;
				GCC_WARN_UNUSED_FUNCTION = YES;
				GCC_WARN_UNUSED_VARIABLE = YES;
				IPHONEOS_DEPLOYMENT_TARGET = 11.2;
				MTL_ENABLE_DEBUG_INFO = NO;
				SDKROOT = iphoneos;
				SWIFT_OPTIMIZATION_LEVEL = "-Owholemodule";
				VALIDATE_PRODUCT = YES;
			};
			name = Release;
		};
		01A0EB4D207FE17600ED4E48 /* Debug */ = {
			isa = XCBuildConfiguration;
			baseConfigurationReference = 5CE5BBDA48A114FBEC258A80 /* Pods-iOSVideoGameLibrary.debug.xcconfig */;
			buildSettings = {
				ASSETCATALOG_COMPILER_APPICON_NAME = AppIcon;
				CODE_SIGN_STYLE = Automatic;
				INFOPLIST_FILE = iOSVideoGameLibrary/Info.plist;
				LD_RUNPATH_SEARCH_PATHS = "$(inherited) @executable_path/Frameworks";
				PRODUCT_BUNDLE_IDENTIFIER = "Tara-Hatton.iOSVideoGameLibrary";
				PRODUCT_NAME = "$(TARGET_NAME)";
				SWIFT_VERSION = 4.0;
				TARGETED_DEVICE_FAMILY = "1,2";
			};
			name = Debug;
		};
		01A0EB4E207FE17600ED4E48 /* Release */ = {
			isa = XCBuildConfiguration;
			baseConfigurationReference = C1D0604F3A014A2469446024 /* Pods-iOSVideoGameLibrary.release.xcconfig */;
			buildSettings = {
				ASSETCATALOG_COMPILER_APPICON_NAME = AppIcon;
				CODE_SIGN_STYLE = Automatic;
				INFOPLIST_FILE = iOSVideoGameLibrary/Info.plist;
				LD_RUNPATH_SEARCH_PATHS = "$(inherited) @executable_path/Frameworks";
				PRODUCT_BUNDLE_IDENTIFIER = "Tara-Hatton.iOSVideoGameLibrary";
				PRODUCT_NAME = "$(TARGET_NAME)";
				SWIFT_VERSION = 4.0;
				TARGETED_DEVICE_FAMILY = "1,2";
			};
			name = Release;
		};
/* End XCBuildConfiguration section */

/* Begin XCConfigurationList section */
		01A0EB32207FE17600ED4E48 /* Build configuration list for PBXProject "iOSVideoGameLibrary" */ = {
			isa = XCConfigurationList;
			buildConfigurations = (
				01A0EB4A207FE17600ED4E48 /* Debug */,
				01A0EB4B207FE17600ED4E48 /* Release */,
			);
			defaultConfigurationIsVisible = 0;
			defaultConfigurationName = Release;
		};
		01A0EB4C207FE17600ED4E48 /* Build configuration list for PBXNativeTarget "iOSVideoGameLibrary" */ = {
			isa = XCConfigurationList;
			buildConfigurations = (
				01A0EB4D207FE17600ED4E48 /* Debug */,
				01A0EB4E207FE17600ED4E48 /* Release */,
			);
			defaultConfigurationIsVisible = 0;
			defaultConfigurationName = Release;
		};
/* End XCConfigurationList section */

/* Begin XCVersionGroup section */
		01A0EB41207FE17600ED4E48 /* iOSVideoGameLibrary.xcdatamodeld */ = {
			isa = XCVersionGroup;
			children = (
				01A0EB42207FE17600ED4E48 /* iOSVideoGameLibrary.xcdatamodel */,
			);
			currentVersion = 01A0EB42207FE17600ED4E48 /* iOSVideoGameLibrary.xcdatamodel */;
			path = iOSVideoGameLibrary.xcdatamodeld;
			sourceTree = "<group>";
			versionGroupType = wrapper.xcdatamodel;
		};
/* End XCVersionGroup section */
	};
	rootObject = 01A0EB2F207FE17600ED4E48 /* Project object */;
}
